{
  "nodes": {
    "nix-darwin": {
      "inputs": {
        "nixpkgs": [
          "nixpkgs"
        ]
      },
      "locked": {
        "lastModified": 1711591334,
        "narHash": "sha256-9d5ilxxq4CXw44eFw8VFrRneAKex7D8xjn95mwZjgf4=",
        "owner": "LnL7",
        "repo": "nix-darwin",
        "rev": "f0dd0838c3558b59dc3b726d8ab89f5b5e35c297",
        "type": "github"
      },
      "original": {
        "owner": "LnL7",
        "repo": "nix-darwin",
        "type": "github"
      }
    },
    "nixpkgs": {
      "locked": {
        "lastModified": 1711460390,
        "narHash": "sha256-akSgjDZL6pVHEfSE6sz1DNSXuYX6hq+P/1Z5IoYWs7E=",
        "owner": "NixOS",
        "repo": "nixpkgs",
        "rev": "44733514b72e732bd49f5511bd0203dea9b9a434",
        "type": "github"
      },
      "original": {
        "owner": "NixOS",
        "ref": "nixos-23.11",
        "repo": "nixpkgs",
        "type": "github"
      }
    },
    "nixpkgs-2305": {
      "locked": {
        "lastModified": 1704290814,
        "narHash": "sha256-LWvKHp7kGxk/GEtlrGYV68qIvPHkU9iToomNFGagixU=",
        "owner": "NixOS",
        "repo": "nixpkgs",
        "rev": "70bdadeb94ffc8806c0570eb5c2695ad29f0e421",
        "type": "github"
      },
      "original": {
        "owner": "NixOS",
        "ref": "nixos-23.05",
        "repo": "nixpkgs",
        "type": "github"
      }
    },
    "root": {
      "inputs": {
        "nix-darwin": "nix-darwin",
        "nixpkgs": "nixpkgs",
        "nixpkgs-2305": "nixpkgs-2305",
        "unstable": "unstable"
      }
    },
    "unstable": {
      "locked": {
        "lastModified": 1711333969,
        "narHash": "sha256-5PiWGn10DQjMZee5NXzeA6ccsv60iLu+Xtw+mfvkUAs=",
        "owner": "NixOS",
        "repo": "nixpkgs",
        "rev": "57e6b3a9e4ebec5aa121188301f04a6b8c354c9b",
        "type": "github"
      },
      "original": {
        "owner": "NixOS",
        "ref": "nixos-unstable",
        "repo": "nixpkgs",
        "type": "github"
      }
    }
  },
  "root": "root",
  "version": 7
}
